
Microsoft Visual Studio Solution File, Format Version 12.00
# Visual Studio 2013
VisualStudioVersion = 12.0.31101.0
MinimumVisualStudioVersion = 10.0.40219.1
Project("{FAE04EC0-301F-11D3-BF4B-00C04F79EFBC}") = "Demo.MalApi", "Demo.MalApi\Demo.MalApi.csproj", "{3140E20C-DB98-472D-A6BA-944F8B1FF0FD}"
EndProject
Global
	GlobalSection(SolutionConfigurationPlatforms) = preSolution
		Debug|Any CPU = Debug|Any CPU
		Release|Any CPU = Release|Any CPU
	EndGlobalSection
	GlobalSection(ProjectConfigurationPlatforms) = postSolution
		{3140E20C-DB98-472D-A6BA-944F8B1FF0FD}.Debug|Any CPU.ActiveCfg = Debug|Any CPU
		{3140E20C-DB98-472D-A6BA-944F8B1FF0FD}.Debug|Any CPU.Build.0 = Debug|Any CPU
		{3140E20C-DB98-472D-A6BA-944F8B1FF0FD}.Release|Any CPU.ActiveCfg = Release|Any CPU
		{3140E20C-DB98-472D-A6BA-944F8B1FF0FD}.Release|Any CPU.Build.0 = Release|Any CPU
	EndGlobalSection
	GlobalSection(SolutionProperties) = preSolution
		HideSolutionNode = FALSE
	EndGlobalSection
EndGlobal
